github.com/SENERGY-Platform/analytics-fog-lib v0.0.0-20231027143521-29194efcd4b8 h1:aKOLmOG0beYLFVYGlRbX27aC3BtROhek3Tix4PXAwTk=
github.com/SENERGY-Platform/analytics-fog-lib v0.0.0-20231027143521-29194efcd4b8/go.mod h1:WVm6fWbrcAKJ2V+rUXlKQNnVp8bd+11AYJxSlxA6F+Q=
github.com/SENERGY-Platform/go-service-base v0.13.0 h1:1ytMAd84TO6+gvffjITShTOPStJiP7rSly9lG09fzxU=
github.com/SENERGY-Platform/go-service-base v0.13.0/go.mod h1:NyMDXzkC/5oRzaMZ1wbFlXTnLoyo3CXM8q1eSloMuBo=
github.com/SENERGY-Platform/go-service-base/util v0.14.0 h1:oMzPR6zrbHPPgcMi39rDnM3qXh4shP03JRfSyDnnMlw=
github.com/SENERGY-Platform/go-service-base/util v0.14.0/go.mod h1:uYeWyyknGyxfAx4zvnhppDVjeTfVWOAIMps5mJeaDwU=
github.com/SENERGY-Platform/go-service-base/watchdog v0.4.1 h1:DiTETrKnnN8gHfxr0m6A+f8Nd54DD6yZmKL5Oi0qF6E=
github.com/SENERGY-Platform/go-service-base/watchdog v0.4.1/go.mod h1:B28QtfgfMvOGIcQRklRQkPmXArdHyocy8soE7UoSIKU=
github.com/eclipse/paho.mqtt.golang v1.4.3 h1:2kwcUGn8seMUfWndX0hGbvH8r7crgcJguQNCyp70xik=
github.com/eclipse/paho.mqtt.golang v1.4.3/go.mod h1:CSYvoAlsMkhYOXh/oKyxa8EcBci6dVkLCbo5tTC1RIE=
github.com/gorilla/websocket v1.5.0 h1:PPwGk2jz7EePpoHN/+ClbZu8SPxiqlu12wZP/3sWmnc=
github.com/gorilla/websocket v1.5.0/go.mod h1:YR8l580nyteQvAITg2hZ9XVh4b55+EU/adAjf1fMHhE=
github.com/joho/godotenv v1.5.1 h1:7eLL/+HRGLY0ldzfGMeQkb7vMd0as4CfYvUVzLqw0N0=
github.com/joho/godotenv v1.5.1/go.mod h1:f4LDr5Voq0i2e/R5DDNOoa2zzDfwtkZa6DnEwAbqwq4=
github.com/y-du/go-env-loader v0.5.1 h1:0BHxc4A+jkWrbyO7XbfvR9xb8/W/0OIeLGCsX+4cUzg=
github.com/y-du/go-env-loader v0.5.1/go.mod h1:Acny7eBd/EoKIkG9Tm2ATdP/vhQ47vIYGGIYqBcOILU=
github.com/y-du/go-log-level v0.2.3 h1:dke5ZICp8BVZRg6wKpGHum8l6f5ywXsA8YZkRhy6sGo=
github.com/y-du/go-log-level v0.2.3/go.mod h1:yed1DhHsG8h7QRHp5My+NS3p8jiN/hFQopOs7yIaEmc=
golang.org/x/net v0.8.0 h1:Zrh2ngAOFYneWTAIAPethzeaQLuHwhuBkuV6ZiRnUaQ=
golang.org/x/net v0.8.0/go.mod h1:QVkue5JL9kW//ek3r6jTKnTFis1tRmNAW2P1shuFdJc=
golang.org/x/sync v0.1.0 h1:wsuoTGHzEhffawBOhz5CYhcrV4IdKZbEyZjBMuTp12o=
golang.org/x/sync v0.1.0/go.mod h1:RxMgew5VJxzue5/jJTE5uejpjVlOe/izrB70Jof72aM=
