github.com/Nerzal/gocloak/v13 v13.8.0 h1:7s9cK8X3vy8OIic+pG4POE9vGy02tSHkMhvWXv0P2m8=
github.com/Nerzal/gocloak/v13 v13.8.0/go.mod h1:rRBtEdh5N0+JlZZEsrfZcB2sRMZWbgSxI2EIv9jpJp4=
github.com/SENERGY-Platform/analytics-fog-lib v1.0.0 h1:UPu2NRW92pMnnEutdElohEwcK8sKcCsQaW/hRcLAyrg=
github.com/SENERGY-Platform/analytics-fog-lib v1.0.0/go.mod h1:WVm6fWbrcAKJ2V+rUXlKQNnVp8bd+11AYJxSlxA6F+Q=
github.com/SENERGY-Platform/analytics-fog-lib v1.0.2 h1:0p2x5bwrOwjPwFeT3gg9Kdz1CE3abWm1nPRoezwWKbU=
github.com/SENERGY-Platform/analytics-fog-lib v1.0.2/go.mod h1:WVm6fWbrcAKJ2V+rUXlKQNnVp8bd+11AYJxSlxA6F+Q=
github.com/SENERGY-Platform/analytics-fog-lib v1.0.5 h1:Q3YB0WW6aQ4iqjWoiqtqtvNBBzrY2/CsYxya2vDgLO4=
github.com/SENERGY-Platform/analytics-fog-lib v1.0.5/go.mod h1:WVm6fWbrcAKJ2V+rUXlKQNnVp8bd+11AYJxSlxA6F+Q=
github.com/SENERGY-Platform/analytics-fog-lib v1.0.8 h1:HUWCQKXzmUSr5mwhyw/9CmCxzSs9tyZVw+DD3i9qhc0=
github.com/SENERGY-Platform/analytics-fog-lib v1.0.8/go.mod h1:WVm6fWbrcAKJ2V+rUXlKQNnVp8bd+11AYJxSlxA6F+Q=
github.com/SENERGY-Platform/analytics-fog-lib v1.0.9 h1:DdsZVCBxd41UrSNpCpxfBl+Ucjn3b6tPCmrnRTBlAgQ=
github.com/SENERGY-Platform/analytics-fog-lib v1.0.9/go.mod h1:WVm6fWbrcAKJ2V+rUXlKQNnVp8bd+11AYJxSlxA6F+Q=
github.com/SENERGY-Platform/analytics-fog-lib v1.0.12 h1:ONwplJBxC5stVtregAseYy/P5V2oL33fLEkIc4+Jips=
github.com/SENERGY-Platform/analytics-fog-lib v1.0.12/go.mod h1:WVm6fWbrcAKJ2V+rUXlKQNnVp8bd+11AYJxSlxA6F+Q=
github.com/SENERGY-Platform/analytics-fog-lib v1.0.15 h1:gKLosrwhse+hTXXrCCYdViAp59elmX6mVL8CmV6q15c=
github.com/SENERGY-Platform/analytics-fog-lib v1.0.15/go.mod h1:WVm6fWbrcAKJ2V+rUXlKQNnVp8bd+11AYJxSlxA6F+Q=
github.com/SENERGY-Platform/analytics-fog-lib v1.0.16 h1:nu3krfGDmBcztUnPmcvtcLXnBP+5ulOpsgwYBwYOOtM=
github.com/SENERGY-Platform/analytics-fog-lib v1.0.16/go.mod h1:WVm6fWbrcAKJ2V+rUXlKQNnVp8bd+11AYJxSlxA6F+Q=
github.com/SENERGY-Platform/analytics-fog-lib v1.0.17 h1:qfHqF/rpQ7m235m/itrAcmPvr49FyqdbVM3X0BGnk2E=
github.com/SENERGY-Platform/analytics-fog-lib v1.0.17/go.mod h1:WVm6fWbrcAKJ2V+rUXlKQNnVp8bd+11AYJxSlxA6F+Q=
github.com/SENERGY-Platform/go-service-base/util v0.14.0 h1:oMzPR6zrbHPPgcMi39rDnM3qXh4shP03JRfSyDnnMlw=
github.com/SENERGY-Platform/go-service-base/util v0.14.0/go.mod h1:uYeWyyknGyxfAx4zvnhppDVjeTfVWOAIMps5mJeaDwU=
github.com/SENERGY-Platform/go-service-base/watchdog v0.4.1 h1:DiTETrKnnN8gHfxr0m6A+f8Nd54DD6yZmKL5Oi0qF6E=
github.com/SENERGY-Platform/go-service-base/watchdog v0.4.1/go.mod h1:B28QtfgfMvOGIcQRklRQkPmXArdHyocy8soE7UoSIKU=
github.com/davecgh/go-spew v1.1.0/go.mod h1:J7Y8YcW2NihsgmVo/mv3lAwl/skON4iLHjSsI+c5H38=
github.com/davecgh/go-spew v1.1.1 h1:vj9j/u1bqnvCEfJOwUhtlOARqs3+rkHYY13jYWTU97c=
github.com/davecgh/go-spew v1.1.1/go.mod h1:J7Y8YcW2NihsgmVo/mv3lAwl/skON4iLHjSsI+c5H38=
github.com/eclipse/paho.mqtt.golang v1.4.3 h1:2kwcUGn8seMUfWndX0hGbvH8r7crgcJguQNCyp70xik=
github.com/eclipse/paho.mqtt.golang v1.4.3/go.mod h1:CSYvoAlsMkhYOXh/oKyxa8EcBci6dVkLCbo5tTC1RIE=
github.com/go-resty/resty/v2 v2.7.0 h1:me+K9p3uhSmXtrBZ4k9jcEAfJmuC8IivWHwaLZwPrFY=
github.com/go-resty/resty/v2 v2.7.0/go.mod h1:9PWDzw47qPphMRFfhsyk0NnSgvluHcljSMVIq3w7q0I=
github.com/golang-jwt/jwt/v4 v4.5.0 h1:7cYmW1XlMY7h7ii7UhUyChSgS5wUJEnm9uZVTGqOWzg=
github.com/golang-jwt/jwt/v4 v4.5.0/go.mod h1:m21LjoU+eqJr34lmDMbreY2eSTRJ1cv77w39/MY0Ch0=
github.com/gorilla/websocket v1.5.0 h1:PPwGk2jz7EePpoHN/+ClbZu8SPxiqlu12wZP/3sWmnc=
github.com/gorilla/websocket v1.5.0/go.mod h1:YR8l580nyteQvAITg2hZ9XVh4b55+EU/adAjf1fMHhE=
github.com/joho/godotenv v1.5.1 h1:7eLL/+HRGLY0ldzfGMeQkb7vMd0as4CfYvUVzLqw0N0=
github.com/joho/godotenv v1.5.1/go.mod h1:f4LDr5Voq0i2e/R5DDNOoa2zzDfwtkZa6DnEwAbqwq4=
github.com/opentracing/opentracing-go v1.2.0 h1:uEJPy/1a5RIPAJ0Ov+OIO8OxWu77jEv+1B0VhjKrZUs=
github.com/opentracing/opentracing-go v1.2.0/go.mod h1:GxEUsuufX4nBwe+T+Wl9TAgYrxe9dPLANfrWvHYVTgc=
github.com/pkg/errors v0.9.1 h1:FEBLx1zS214owpjy7qsBeixbURkuhQAwrK5UwLGTwt4=
github.com/pkg/errors v0.9.1/go.mod h1:bwawxfHBFNV+L2hUp1rHADufV3IMtnDRdf1r5NINEl0=
github.com/pmezard/go-difflib v1.0.0 h1:4DBwDE0NGyQoBHbLQYPwSUPoCMWR5BEzIk/f1lZbAQM=
github.com/pmezard/go-difflib v1.0.0/go.mod h1:iKH77koFhYxTK1pcRnkKkqfTogsbg7gZNVY4sRDYZ/4=
github.com/segmentio/ksuid v1.0.4 h1:sBo2BdShXjmcugAMwjugoGUdUV0pcxY5mW4xKRn3v4c=
github.com/segmentio/ksuid v1.0.4/go.mod h1:/XUiZBD3kVx5SmUOl55voK5yeAbBNNIed+2O73XgrPE=
github.com/stretchr/objx v0.1.0/go.mod h1:HFkY916IF+rwdDfMAkV7OtwuqBVzrE8GR6GFx+wExME=
github.com/stretchr/testify v1.3.0/go.mod h1:M5WIy9Dh21IEIfnGCwXGc5bZfKNJtfHm1UVUgZn+9EI=
github.com/stretchr/testify v1.8.2 h1:+h33VjcLVPDHtOdpUCuF+7gSuG3yGIftsP1YvFihtJ8=
github.com/stretchr/testify v1.8.2/go.mod h1:w2LPCIKwWwSfY2zedu0+kehJoqGctiVI29o6fzry7u4=
github.com/y-du/go-env-loader v0.5.1 h1:0BHxc4A+jkWrbyO7XbfvR9xb8/W/0OIeLGCsX+4cUzg=
github.com/y-du/go-env-loader v0.5.1/go.mod h1:Acny7eBd/EoKIkG9Tm2ATdP/vhQ47vIYGGIYqBcOILU=
github.com/y-du/go-log-level v0.2.3 h1:dke5ZICp8BVZRg6wKpGHum8l6f5ywXsA8YZkRhy6sGo=
github.com/y-du/go-log-level v0.2.3/go.mod h1:yed1DhHsG8h7QRHp5My+NS3p8jiN/hFQopOs7yIaEmc=
golang.org/x/crypto v0.14.0 h1:wBqGXzWJW6m1XrIKlAH0Hs1JJ7+9KBwnIO8v66Q9cHc=
golang.org/x/crypto v0.14.0/go.mod h1:MVFd36DqK4CsrnJYDkBA3VC4m2GkXAM0PvzMCn4JQf4=
golang.org/x/net v0.0.0-20211029224645-99673261e6eb/go.mod h1:9nx3DQGgdP8bBQD5qxJ1jj9UTztislL4KSBs9R2vV5Y=
golang.org/x/net v0.17.0 h1:pVaXccu2ozPjCXewfr1S7xza/zcXTity9cCdXQYSjIM=
golang.org/x/net v0.17.0/go.mod h1:NxSsAGuq816PNPmqtQdLE42eU2Fs7NoRIZrHJAlaCOE=
golang.org/x/sync v0.4.0 h1:zxkM55ReGkDlKSM+Fu41A+zmbZuaPVbGMzvvdUPznYQ=
golang.org/x/sync v0.4.0/go.mod h1:FU7BRWz2tNW+3quACPkgCx/L+uEAv1htQ0V83Z9Rj+Y=
golang.org/x/sys v0.0.0-20201119102817-f84b799fce68/go.mod h1:h1NjWce9XRLGQEsW7wpKNCjG9DtNlClVuFLEZdDNbEs=
golang.org/x/sys v0.0.0-20210423082822-04245dca01da/go.mod h1:h1NjWce9XRLGQEsW7wpKNCjG9DtNlClVuFLEZdDNbEs=
golang.org/x/term v0.0.0-20201126162022-7de9c90e9dd1/go.mod h1:bj7SfCRtBDWHUb9snDiAeCFNEtKQo2Wmx5Cou7ajbmo=
golang.org/x/text v0.3.6/go.mod h1:5Zoc/QRtKVWzQhOtBMvqHzDpF6irO9z98xDceosuGiQ=
golang.org/x/tools v0.0.0-20180917221912-90fa682c2a6e/go.mod h1:n7NCudcB/nEzxVGmLbDWY5pfWTLqBcC2KZ6jyYvM4mQ=
gopkg.in/yaml.v3 v3.0.1 h1:fxVm/GzAzEWqLHuvctI91KS9hhNmmWOoWu0XTYJS7CA=
gopkg.in/yaml.v3 v3.0.1/go.mod h1:K4uyk7z7BCEPqu6E+C64Yfv1cQ7kz7rIZviUmN+EgEM=
